
Microsoft Visual Studio Solution File, Format Version 12.00
# Visual Studio 15
VisualStudioVersion = 15.0.27004.2009
MinimumVisualStudioVersion = 10.0.40219.1
Project("{FAE04EC0-301F-11D3-BF4B-00C04F79EFBC}") = "SportTrack.UI", "SportTrack.UI\SportTrack.UI.csproj", "{7FEAABB1-2141-409A-8A63-088F09730EB7}"
EndProject
Project("{FAE04EC0-301F-11D3-BF4B-00C04F79EFBC}") = "SportTrack.Logic", "SportTrack.Logic\SportTrack.Logic.csproj", "{1562ACE4-6987-4D3A-9147-7E9A0887201B}"
EndProject
Global
	GlobalSection(SolutionConfigurationPlatforms) = preSolution
		Debug|Any CPU = Debug|Any CPU
		Release|Any CPU = Release|Any CPU
	EndGlobalSection
	GlobalSection(ProjectConfigurationPlatforms) = postSolution
		{7FEAABB1-2141-409A-8A63-088F09730EB7}.Debug|Any CPU.ActiveCfg = Debug|Any CPU
		{7FEAABB1-2141-409A-8A63-088F09730EB7}.Debug|Any CPU.Build.0 = Debug|Any CPU
		{7FEAABB1-2141-409A-8A63-088F09730EB7}.Release|Any CPU.ActiveCfg = Release|Any CPU
		{7FEAABB1-2141-409A-8A63-088F09730EB7}.Release|Any CPU.Build.0 = Release|Any CPU
		{1562ACE4-6987-4D3A-9147-7E9A0887201B}.Debug|Any CPU.ActiveCfg = Debug|Any CPU
		{1562ACE4-6987-4D3A-9147-7E9A0887201B}.Debug|Any CPU.Build.0 = Debug|Any CPU
		{1562ACE4-6987-4D3A-9147-7E9A0887201B}.Release|Any CPU.ActiveCfg = Release|Any CPU
		{1562ACE4-6987-4D3A-9147-7E9A0887201B}.Release|Any CPU.Build.0 = Release|Any CPU
	EndGlobalSection
	GlobalSection(SolutionProperties) = preSolution
		HideSolutionNode = FALSE
	EndGlobalSection
	GlobalSection(ExtensibilityGlobals) = postSolution
		SolutionGuid = {2F85B965-E7FC-4F19-ADCB-FEF3D94F39AE}
	EndGlobalSection
EndGlobal
